
Microsoft Visual Studio Solution File, Format Version 12.00
# Visual Studio Version 17
VisualStudioVersion = 17.9.34622.214
MinimumVisualStudioVersion = 10.0.40219.1
Project("{9A19103F-16F7-4668-BE54-9A1E7A4F7556}") = "RestaurantSentiment", "RestaurantSentiment.csproj", "{CE78D306-C23F-4EEB-935A-53E123023FAA}"
EndProject
Global
	GlobalSection(SolutionConfigurationPlatforms) = preSolution
		Debug|Any CPU = Debug|Any CPU
		Release|Any CPU = Release|Any CPU
	EndGlobalSection
	GlobalSection(ProjectConfigurationPlatforms) = postSolution
		{CE78D306-C23F-4EEB-935A-53E123023FAA}.Debug|Any CPU.ActiveCfg = Debug|Any CPU
		{CE78D306-C23F-4EEB-935A-53E123023FAA}.Debug|Any CPU.Build.0 = Debug|Any CPU
		{CE78D306-C23F-4EEB-935A-53E123023FAA}.Release|Any CPU.ActiveCfg = Release|Any CPU
		{CE78D306-C23F-4EEB-935A-53E123023FAA}.Release|Any CPU.Build.0 = Release|Any CPU
	EndGlobalSection
	GlobalSection(SolutionProperties) = preSolution
		HideSolutionNode = FALSE
	EndGlobalSection
	GlobalSection(ExtensibilityGlobals) = postSolution
		SolutionGuid = {843B09B6-52EC-4736-933F-C19975D5A018}
	EndGlobalSection
EndGlobal
